
Microsoft Visual Studio Solution File, Format Version 12.00
# Visual Studio Version 16
VisualStudioVersion = 16.0.32929.386
MinimumVisualStudioVersion = 10.0.40219.1
Project("{FAE04EC0-301F-11D3-BF4B-00C04F79EFBC}") = "ECommerce Additional", "ECommerce Additional\ECommerce Additional.csproj", "{143D9A4F-DB9A-469A-8C11-98F53A13273E}"
EndProject
Global
	GlobalSection(SolutionConfigurationPlatforms) = preSolution
		Debug|Any CPU = Debug|Any CPU
		Release|Any CPU = Release|Any CPU
	EndGlobalSection
	GlobalSection(ProjectConfigurationPlatforms) = postSolution
		{143D9A4F-DB9A-469A-8C11-98F53A13273E}.Debug|Any CPU.ActiveCfg = Debug|Any CPU
		{143D9A4F-DB9A-469A-8C11-98F53A13273E}.Debug|Any CPU.Build.0 = Debug|Any CPU
		{143D9A4F-DB9A-469A-8C11-98F53A13273E}.Release|Any CPU.ActiveCfg = Release|Any CPU
		{143D9A4F-DB9A-469A-8C11-98F53A13273E}.Release|Any CPU.Build.0 = Release|Any CPU
	EndGlobalSection
	GlobalSection(SolutionProperties) = preSolution
		HideSolutionNode = FALSE
	EndGlobalSection
	GlobalSection(ExtensibilityGlobals) = postSolution
		SolutionGuid = {73309C2A-1938-404B-B16E-1AF58E7EDC84}
	EndGlobalSection
EndGlobal
